Microsoft Visual Studio Solution File, Format Version 12.00
# Visual Studio Version 17
VisualStudioVersion = 17.4.32916.344
MinimumVisualStudioVersion = 16.0.0.0
Project("{9A19103F-16F7-4668-BE54-9A1E7A4F7556}") = "Blazor.WasmSample.Server", "Server\Blazor.WasmSample.Server.csproj", "{10DA9C53-EFAF-4B32-A3C6-6627EE916C0C}"
EndProject
Project("{9A19103F-16F7-4668-BE54-9A1E7A4F7556}") = "Blazor.WasmSample.Client", "Client\Blazor.WasmSample.Client.csproj", "{9B5169AD-6928-43C8-8BA2-316D6E7653E5}"
EndProject
Project("{9A19103F-16F7-4668-BE54-9A1E7A4F7556}") = "Blazor.WasmSample.Shared", "Shared\Blazor.WasmSample.Shared.csproj", "{4BCE3E08-A51C-4B23-B8E3-61D324040BC9}"
EndProject
Global
	GlobalSection(SolutionConfigurationPlatforms) = preSolution
		Debug|Any CPU = Debug|Any CPU
		Debug|x64 = Debug|x64
		Debug|x86 = Debug|x86
		Release|Any CPU = Release|Any CPU
		Release|x64 = Release|x64
		Release|x86 = Release|x86
	EndGlobalSection
	GlobalSection(ProjectConfigurationPlatforms) = postSolution
		{10DA9C53-EFAF-4B32-A3C6-6627EE916C0C}.Debug|Any CPU.ActiveCfg = Debug|Any CPU
		{10DA9C53-EFAF-4B32-A3C6-6627EE916C0C}.Debug|Any CPU.Build.0 = Debug|Any CPU
		{10DA9C53-EFAF-4B32-A3C6-6627EE916C0C}.Debug|x64.ActiveCfg = Debug|Any CPU
		{10DA9C53-EFAF-4B32-A3C6-6627EE916C0C}.Debug|x64.Build.0 = Debug|Any CPU
		{10DA9C53-EFAF-4B32-A3C6-6627EE916C0C}.Debug|x86.ActiveCfg = Debug|Any CPU
		{10DA9C53-EFAF-4B32-A3C6-6627EE916C0C}.Debug|x86.Build.0 = Debug|Any CPU
		{10DA9C53-EFAF-4B32-A3C6-6627EE916C0C}.Release|Any CPU.ActiveCfg = Release|Any CPU
		{10DA9C53-EFAF-4B32-A3C6-6627EE916C0C}.Release|Any CPU.Build.0 = Release|Any CPU
		{10DA9C53-EFAF-4B32-A3C6-6627EE916C0C}.Release|x64.ActiveCfg = Release|Any CPU
		{10DA9C53-EFAF-4B32-A3C6-6627EE916C0C}.Release|x64.Build.0 = Release|Any CPU
		{10DA9C53-EFAF-4B32-A3C6-6627EE916C0C}.Release|x86.ActiveCfg = Release|Any CPU
		{10DA9C53-EFAF-4B32-A3C6-6627EE916C0C}.Release|x86.Build.0 = Release|Any CPU
		{9B5169AD-6928-43C8-8BA2-316D6E7653E5}.Debug|Any CPU.ActiveCfg = Debug|Any CPU
		{9B5169AD-6928-43C8-8BA2-316D6E7653E5}.Debug|Any CPU.Build.0 = Debug|Any CPU
		{9B5169AD-6928-43C8-8BA2-316D6E7653E5}.Debug|x64.ActiveCfg = Debug|Any CPU
		{9B5169AD-6928-43C8-8BA2-316D6E7653E5}.Debug|x64.Build.0 = Debug|Any CPU
		{9B5169AD-6928-43C8-8BA2-316D6E7653E5}.Debug|x86.ActiveCfg = Debug|Any CPU
		{9B5169AD-6928-43C8-8BA2-316D6E7653E5}.Debug|x86.Build.0 = Debug|Any CPU
		{9B5169AD-6928-43C8-8BA2-316D6E7653E5}.Release|Any CPU.ActiveCfg = Release|Any CPU
		{9B5169AD-6928-43C8-8BA2-316D6E7653E5}.Release|Any CPU.Build.0 = Release|Any CPU
		{9B5169AD-6928-43C8-8BA2-316D6E7653E5}.Release|x64.ActiveCfg = Release|Any CPU
		{9B5169AD-6928-43C8-8BA2-316D6E7653E5}.Release|x64.Build.0 = Release|Any CPU
		{9B5169AD-6928-43C8-8BA2-316D6E7653E5}.Release|x86.ActiveCfg = Release|Any CPU
		{9B5169AD-6928-43C8-8BA2-316D6E7653E5}.Release|x86.Build.0 = Release|Any CPU
		{4BCE3E08-A51C-4B23-B8E3-61D324040BC9}.Debug|Any CPU.ActiveCfg = Debug|Any CPU
		{4BCE3E08-A51C-4B23-B8E3-61D324040BC9}.Debug|Any CPU.Build.0 = Debug|Any CPU
		{4BCE3E08-A51C-4B23-B8E3-61D324040BC9}.Debug|x64.ActiveCfg = Debug|Any CPU
		{4BCE3E08-A51C-4B23-B8E3-61D324040BC9}.Debug|x64.Build.0 = Debug|Any CPU
		{4BCE3E08-A51C-4B23-B8E3-61D324040BC9}.Debug|x86.ActiveCfg = Debug|Any CPU
		{4BCE3E08-A51C-4B23-B8E3-61D324040BC9}.Debug|x86.Build.0 = Debug|Any CPU
		{4BCE3E08-A51C-4B23-B8E3-61D324040BC9}.Release|Any CPU.ActiveCfg = Release|Any CPU
		{4BCE3E08-A51C-4B23-B8E3-61D324040BC9}.Release|Any CPU.Build.0 = Release|Any CPU
		{4BCE3E08-A51C-4B23-B8E3-61D324040BC9}.Release|x64.ActiveCfg = Release|Any CPU
		{4BCE3E08-A51C-4B23-B8E3-61D324040BC9}.Release|x64.Build.0 = Release|Any CPU
		{4BCE3E08-A51C-4B23-B8E3-61D324040BC9}.Release|x86.ActiveCfg = Release|Any CPU
		{4BCE3E08-A51C-4B23-B8E3-61D324040BC9}.Release|x86.Build.0 = Release|Any CPU
	EndGlobalSection
	GlobalSection(SolutionProperties) = preSolution
		HideSolutionNode = FALSE
	EndGlobalSection
	GlobalSection(ExtensibilityGlobals) = postSolution
		SolutionGuid = {0D1E54B6-9470-457A-B7AD-DE7FC3741A4F}
	EndGlobalSection
EndGlobal
